
Microsoft Visual Studio Solution File, Format Version 12.00
# Visual Studio Version 17
VisualStudioVersion = 17.0.32014.148
MinimumVisualStudioVersion = 10.0.40219.1
Project("{FAE04EC0-301F-11D3-BF4B-00C04F79EFBC}") = "WebAuthAppWithJwt", "WebAuthAppWithJwt\WebAuthAppWithJwt.csproj", "{4FACBE79-CAB3-467D-9D96-1625468453CC}"
EndProject
Global
	GlobalSection(SolutionConfigurationPlatforms) = preSolution
		Debug|Any CPU = Debug|Any CPU
		Release|Any CPU = Release|Any CPU
	EndGlobalSection
	GlobalSection(ProjectConfigurationPlatforms) = postSolution
		{4FACBE79-CAB3-467D-9D96-1625468453CC}.Debug|Any CPU.ActiveCfg = Debug|Any CPU
		{4FACBE79-CAB3-467D-9D96-1625468453CC}.Debug|Any CPU.Build.0 = Debug|Any CPU
		{4FACBE79-CAB3-467D-9D96-1625468453CC}.Release|Any CPU.ActiveCfg = Release|Any CPU
		{4FACBE79-CAB3-467D-9D96-1625468453CC}.Release|Any CPU.Build.0 = Release|Any CPU
	EndGlobalSection
	GlobalSection(SolutionProperties) = preSolution
		HideSolutionNode = FALSE
	EndGlobalSection
	GlobalSection(ExtensibilityGlobals) = postSolution
		SolutionGuid = {9177F702-0631-4E60-AF0A-88AC7AA21A54}
	EndGlobalSection
EndGlobal
